// !$*UTF8*$!
{
	archiveVersion = 1;
	classes = {
	};
	objectVersion = 77;
	objects = {

/* Begin PBXBuildFile section */
		541E22722E3BE21300EBF8FA /* RunAnywhereSDK in Frameworks */ = {isa = PBXBuildFile; productRef = 541E22712E3BE21300EBF8FA /* RunAnywhereSDK */; };
		543028462E442716008361DD /* LLM in Frameworks */ = {isa = PBXBuildFile; productRef = 543028452E442716008361DD /* LLM */; };
		547F70B12E35CE270061BAED /* Transformers in Frameworks */ = {isa = PBXBuildFile; productRef = 547F70B02E35CE270061BAED /* Transformers */; };
		547F7D7E2E3735100061BAED /* ZIPFoundation in Frameworks */ = {isa = PBXBuildFile; productRef = 547F7D7D2E3735100061BAED /* ZIPFoundation */; };
		548CA0772E56D0DC0061CCF5 /* FluidAudioDiarization in Frameworks */ = {isa = PBXBuildFile; productRef = 548CA0762E56D0DC0061CCF5 /* FluidAudioDiarization */; };
		54C716C02E4FB77700B94B7D /* WhisperKit in Frameworks */ = {isa = PBXBuildFile; productRef = 54C716BF2E4FB77700B94B7D /* WhisperKit */; };
		54F596152E39C32A0057B6CE /* backend_coreml in Frameworks */ = {isa = PBXBuildFile; productRef = 54F596142E39C32A0057B6CE /* backend_coreml */; };
		54F596172E39C32A0057B6CE /* backend_mps in Frameworks */ = {isa = PBXBuildFile; productRef = 54F596162E39C32A0057B6CE /* backend_mps */; };
		54F596192E39C32A0057B6CE /* backend_xnnpack in Frameworks */ = {isa = PBXBuildFile; productRef = 54F596182E39C32A0057B6CE /* backend_xnnpack */; };
		54F5961B2E39C32A0057B6CE /* executorch in Frameworks */ = {isa = PBXBuildFile; productRef = 54F5961A2E39C32A0057B6CE /* executorch */; };
		54F5961D2E39C32A0057B6CE /* kernels_custom in Frameworks */ = {isa = PBXBuildFile; productRef = 54F5961C2E39C32A0057B6CE /* kernels_custom */; };
		54F5961F2E39C32A0057B6CE /* kernels_optimized in Frameworks */ = {isa = PBXBuildFile; productRef = 54F5961E2E39C32A0057B6CE /* kernels_optimized */; };
		54F596212E39C32A0057B6CE /* kernels_quantized in Frameworks */ = {isa = PBXBuildFile; productRef = 54F596202E39C32A0057B6CE /* kernels_quantized */; };
/* End PBXBuildFile section */

/* Begin PBXContainerItemProxy section */
		5480A1FF2E2F250400337F2F /* PBXContainerItemProxy */ = {
			isa = PBXContainerItemProxy;
			containerPortal = 5480A1E82E2F250200337F2F /* Project object */;
			proxyType = 1;
			remoteGlobalIDString = 5480A1EF2E2F250200337F2F;
			remoteInfo = RunAnywhereAI;
		};
		5480A2092E2F250400337F2F /* PBXContainerItemProxy */ = {
			isa = PBXContainerItemProxy;
			containerPortal = 5480A1E82E2F250200337F2F /* Project object */;
			proxyType = 1;
			remoteGlobalIDString = 5480A1EF2E2F250200337F2F;
			remoteInfo = RunAnywhereAI;
		};
/* End PBXContainerItemProxy section */

/* Begin PBXFileReference section */
		5480A1F02E2F250200337F2F /* RunAnywhereAI.app */ = {isa = PBXFileReference; explicitFileType = wrapper.application; includeInIndex = 0; path = RunAnywhereAI.app; sourceTree = BUILT_PRODUCTS_DIR; };
		5480A1FE2E2F250400337F2F /* RunAnywhereAITests.xctest */ = {isa = PBXFileReference; explicitFileType = wrapper.cfbundle; includeInIndex = 0; path = RunAnywhereAITests.xctest; sourceTree = BUILT_PRODUCTS_DIR; };
		5480A2082E2F250400337F2F /* RunAnywhereAIUITests.xctest */ = {isa = PBXFileReference; explicitFileType = wrapper.cfbundle; includeInIndex = 0; path = RunAnywhereAIUITests.xctest; sourceTree = BUILT_PRODUCTS_DIR; };
/* End PBXFileReference section */

/* Begin PBXFileSystemSynchronizedRootGroup section */
		5480A1F22E2F250200337F2F /* RunAnywhereAI */ = {
			isa = PBXFileSystemSynchronizedRootGroup;
			path = RunAnywhereAI;
			sourceTree = "<group>";
		};
		5480A2012E2F250400337F2F /* RunAnywhereAITests */ = {
			isa = PBXFileSystemSynchronizedRootGroup;
			path = RunAnywhereAITests;
			sourceTree = "<group>";
		};
		5480A20B2E2F250400337F2F /* RunAnywhereAIUITests */ = {
			isa = PBXFileSystemSynchronizedRootGroup;
			path = RunAnywhereAIUITests;
			sourceTree = "<group>";
		};
/* End PBXFileSystemSynchronizedRootGroup section */

/* Begin PBXFrameworksBuildPhase section */
		5480A1ED2E2F250200337F2F /* Frameworks */ = {
			isa = PBXFrameworksBuildPhase;
			buildActionMask = 2147483647;
			files = (
				543028462E442716008361DD /* LLM in Frameworks */,
				54C716C02E4FB77700B94B7D /* WhisperKit in Frameworks */,
				54F5961B2E39C32A0057B6CE /* executorch in Frameworks */,
				548CA0772E56D0DC0061CCF5 /* FluidAudioDiarization in Frameworks */,
				54F596172E39C32A0057B6CE /* backend_mps in Frameworks */,
				547F70B12E35CE270061BAED /* Transformers in Frameworks */,
				54F596192E39C32A0057B6CE /* backend_xnnpack in Frameworks */,
				54F5961F2E39C32A0057B6CE /* kernels_optimized in Frameworks */,
				54F596212E39C32A0057B6CE /* kernels_quantized in Frameworks */,
				54F5961D2E39C32A0057B6CE /* kernels_custom in Frameworks */,
				54F596152E39C32A0057B6CE /* backend_coreml in Frameworks */,
				547F7D7E2E3735100061BAED /* ZIPFoundation in Frameworks */,
				541E22722E3BE21300EBF8FA /* RunAnywhereSDK in Frameworks */,
			);
			runOnlyForDeploymentPostprocessing = 0;
		};
		5480A1FB2E2F250400337F2F /* Frameworks */ = {
			isa = PBXFrameworksBuildPhase;
			buildActionMask = 2147483647;
			files = (
			);
			runOnlyForDeploymentPostprocessing = 0;
		};
		5480A2052E2F250400337F2F /* Frameworks */ = {
			isa = PBXFrameworksBuildPhase;
			buildActionMask = 2147483647;
			files = (
			);
			runOnlyForDeploymentPostprocessing = 0;
		};
/* End PBXFrameworksBuildPhase section */

/* Begin PBXGroup section */
		5480A1E72E2F250200337F2F = {
			isa = PBXGroup;
			children = (
				5480A1F22E2F250200337F2F /* RunAnywhereAI */,
				5480A2012E2F250400337F2F /* RunAnywhereAITests */,
				5480A20B2E2F250400337F2F /* RunAnywhereAIUITests */,
				5480A1F12E2F250200337F2F /* Products */,
			);
			sourceTree = "<group>";
		};
		5480A1F12E2F250200337F2F /* Products */ = {
			isa = PBXGroup;
			children = (
				5480A1F02E2F250200337F2F /* RunAnywhereAI.app */,
				5480A1FE2E2F250400337F2F /* RunAnywhereAITests.xctest */,
				5480A2082E2F250400337F2F /* RunAnywhereAIUITests.xctest */,
			);
			name = Products;
			sourceTree = "<group>";
		};
/* End PBXGroup section */

/* Begin PBXNativeTarget section */
		5480A1EF2E2F250200337F2F /* RunAnywhereAI */ = {
			isa = PBXNativeTarget;
			buildConfigurationList = 5480A2122E2F250400337F2F /* Build configuration list for PBXNativeTarget "RunAnywhereAI" */;
			buildPhases = (
				5480A1EC2E2F250200337F2F /* Sources */,
				5480A1ED2E2F250200337F2F /* Frameworks */,
				5480A1EE2E2F250200337F2F /* Resources */,
			);
			buildRules = (
			);
			dependencies = (
			);
			fileSystemSynchronizedGroups = (
				5480A1F22E2F250200337F2F /* RunAnywhereAI */,
			);
			name = RunAnywhereAI;
			packageProductDependencies = (
				547F70B02E35CE270061BAED /* Transformers */,
				547F7D7D2E3735100061BAED /* ZIPFoundation */,
				54F596142E39C32A0057B6CE /* backend_coreml */,
				54F596162E39C32A0057B6CE /* backend_mps */,
				54F596182E39C32A0057B6CE /* backend_xnnpack */,
				54F5961A2E39C32A0057B6CE /* executorch */,
				54F5961C2E39C32A0057B6CE /* kernels_custom */,
				54F5961E2E39C32A0057B6CE /* kernels_optimized */,
				54F596202E39C32A0057B6CE /* kernels_quantized */,
				541E22712E3BE21300EBF8FA /* RunAnywhereSDK */,
				543028452E442716008361DD /* LLM */,
				54C716BF2E4FB77700B94B7D /* WhisperKit */,
				548CA0762E56D0DC0061CCF5 /* FluidAudioDiarization */,
			);
			productName = RunAnywhereAI;
			productReference = 5480A1F02E2F250200337F2F /* RunAnywhereAI.app */;
			productType = "com.apple.product-type.application";
		};
		5480A1FD2E2F250400337F2F /* RunAnywhereAITests */ = {
			isa = PBXNativeTarget;
			buildConfigurationList = 5480A2152E2F250400337F2F /* Build configuration list for PBXNativeTarget "RunAnywhereAITests" */;
			buildPhases = (
				9417651A8C4CCCB5473F1949 /* [CP] Check Pods Manifest.lock */,
				5480A1FA2E2F250400337F2F /* Sources */,
				5480A1FB2E2F250400337F2F /* Frameworks */,
				5480A1FC2E2F250400337F2F /* Resources */,
			);
			buildRules = (
			);
			dependencies = (
				5480A2002E2F250400337F2F /* PBXTargetDependency */,
			);
			fileSystemSynchronizedGroups = (
				5480A2012E2F250400337F2F /* RunAnywhereAITests */,
			);
			name = RunAnywhereAITests;
			productName = RunAnywhereAITests;
			productReference = 5480A1FE2E2F250400337F2F /* RunAnywhereAITests.xctest */;
			productType = "com.apple.product-type.bundle.unit-test";
		};
		5480A2072E2F250400337F2F /* RunAnywhereAIUITests */ = {
			isa = PBXNativeTarget;
			buildConfigurationList = 5480A2182E2F250400337F2F /* Build configuration list for PBXNativeTarget "RunAnywhereAIUITests" */;
			buildPhases = (
				94361D75FF8B6C07227D4520 /* [CP] Check Pods Manifest.lock */,
				5480A2042E2F250400337F2F /* Sources */,
				5480A2052E2F250400337F2F /* Frameworks */,
				5480A2062E2F250400337F2F /* Resources */,
			);
			buildRules = (
			);
			dependencies = (
				5480A20A2E2F250400337F2F /* PBXTargetDependency */,
			);
			fileSystemSynchronizedGroups = (
				5480A20B2E2F250400337F2F /* RunAnywhereAIUITests */,
			);
			name = RunAnywhereAIUITests;
			productName = RunAnywhereAIUITests;
			productReference = 5480A2082E2F250400337F2F /* RunAnywhereAIUITests.xctest */;
			productType = "com.apple.product-type.bundle.ui-testing";
		};
/* End PBXNativeTarget section */

/* Begin PBXProject section */
		5480A1E82E2F250200337F2F /* Project object */ = {
			isa = PBXProject;
			attributes = {
				BuildIndependentTargetsInParallel = 1;
				LastSwiftUpdateCheck = 1640;
				LastUpgradeCheck = 1640;
				TargetAttributes = {
					5480A1EF2E2F250200337F2F = {
						CreatedOnToolsVersion = 16.4;
					};
					5480A1FD2E2F250400337F2F = {
						CreatedOnToolsVersion = 16.4;
						TestTargetID = 5480A1EF2E2F250200337F2F;
					};
					5480A2072E2F250400337F2F = {
						CreatedOnToolsVersion = 16.4;
						TestTargetID = 5480A1EF2E2F250200337F2F;
					};
				};
			};
			buildConfigurationList = 5480A1EB2E2F250200337F2F /* Build configuration list for PBXProject "RunAnywhereAI" */;
			developmentRegion = en;
			hasScannedForEncodings = 0;
			knownRegions = (
				en,
				Base,
			);
			mainGroup = 5480A1E72E2F250200337F2F;
			minimizedProjectReferenceProxies = 1;
			packageReferences = (
				547F70AF2E35CE270061BAED /* XCRemoteSwiftPackageReference "swift-transformers" */,
				547F7D7C2E3735100061BAED /* XCRemoteSwiftPackageReference "ZIPFoundation" */,
				54F596132E39C32A0057B6CE /* XCRemoteSwiftPackageReference "executorch" */,
				54C716BE2E4FB77700B94B7D /* XCRemoteSwiftPackageReference "WhisperKit" */,
				58E021172E52A86000B722EF /* XCLocalSwiftPackageReference "../../../sdk/runanywhere-swift" */,
				5896159F2E542E4600663F7F /* XCRemoteSwiftPackageReference "LLM" */,
				548CA0752E56D0DC0061CCF5 /* XCLocalSwiftPackageReference "../../../sdk/runanywhere-swift/Modules/FluidAudioDiarization" */,
			);
			preferredProjectObjectVersion = 77;
			productRefGroup = 5480A1F12E2F250200337F2F /* Products */;
			projectDirPath = "";
			projectRoot = "";
			targets = (
				5480A1EF2E2F250200337F2F /* RunAnywhereAI */,
				5480A1FD2E2F250400337F2F /* RunAnywhereAITests */,
				5480A2072E2F250400337F2F /* RunAnywhereAIUITests */,
			);
		};
/* End PBXProject section */

/* Begin PBXResourcesBuildPhase section */
		5480A1EE2E2F250200337F2F /* Resources */ = {
			isa = PBXResourcesBuildPhase;
			buildActionMask = 2147483647;
			files = (
			);
			runOnlyForDeploymentPostprocessing = 0;
		};
		5480A1FC2E2F250400337F2F /* Resources */ = {
			isa = PBXResourcesBuildPhase;
			buildActionMask = 2147483647;
			files = (
			);
			runOnlyForDeploymentPostprocessing = 0;
		};
		5480A2062E2F250400337F2F /* Resources */ = {
			isa = PBXResourcesBuildPhase;
			buildActionMask = 2147483647;
			files = (
			);
			runOnlyForDeploymentPostprocessing = 0;
		};
/* End PBXResourcesBuildPhase section */

/* Begin PBXShellScriptBuildPhase section */
		9417651A8C4CCCB5473F1949 /* [CP] Check Pods Manifest.lock */ = {
			isa = PBXShellScriptBuildPhase;
			buildActionMask = 2147483647;
			files = (
			);
			inputFileListPaths = (
			);
			inputPaths = (
				"${PODS_PODFILE_DIR_PATH}/Podfile.lock",
				"${PODS_ROOT}/Manifest.lock",
			);
			name = "[CP] Check Pods Manifest.lock";
			outputFileListPaths = (
			);
			outputPaths = (
				"$(DERIVED_FILE_DIR)/Pods-RunAnywhereAITests-checkManifestLockResult.txt",
			);
			runOnlyForDeploymentPostprocessing = 0;
			shellPath = /bin/sh;
			shellScript = "diff \"${PODS_PODFILE_DIR_PATH}/Podfile.lock\" \"${PODS_ROOT}/Manifest.lock\" > /dev/null\nif [ $? != 0 ] ; then\n    # print error to STDERR\n    echo \"error: The sandbox is not in sync with the Podfile.lock. Run 'pod install' or update your CocoaPods installation.\" >&2\n    exit 1\nfi\n# This output is used by Xcode 'outputs' to avoid re-running this script phase.\necho \"SUCCESS\" > \"${SCRIPT_OUTPUT_FILE_0}\"\n";
			showEnvVarsInLog = 0;
		};
		94361D75FF8B6C07227D4520 /* [CP] Check Pods Manifest.lock */ = {
			isa = PBXShellScriptBuildPhase;
			buildActionMask = 2147483647;
			files = (
			);
			inputFileListPaths = (
			);
			inputPaths = (
				"${PODS_PODFILE_DIR_PATH}/Podfile.lock",
				"${PODS_ROOT}/Manifest.lock",
			);
			name = "[CP] Check Pods Manifest.lock";
			outputFileListPaths = (
			);
			outputPaths = (
				"$(DERIVED_FILE_DIR)/Pods-RunAnywhereAIUITests-checkManifestLockResult.txt",
			);
			runOnlyForDeploymentPostprocessing = 0;
			shellPath = /bin/sh;
			shellScript = "diff \"${PODS_PODFILE_DIR_PATH}/Podfile.lock\" \"${PODS_ROOT}/Manifest.lock\" > /dev/null\nif [ $? != 0 ] ; then\n    # print error to STDERR\n    echo \"error: The sandbox is not in sync with the Podfile.lock. Run 'pod install' or update your CocoaPods installation.\" >&2\n    exit 1\nfi\n# This output is used by Xcode 'outputs' to avoid re-running this script phase.\necho \"SUCCESS\" > \"${SCRIPT_OUTPUT_FILE_0}\"\n";
			showEnvVarsInLog = 0;
		};
/* End PBXShellScriptBuildPhase section */

/* Begin PBXSourcesBuildPhase section */
		5480A1EC2E2F250200337F2F /* Sources */ = {
			isa = PBXSourcesBuildPhase;
			buildActionMask = 2147483647;
			files = (
			);
			runOnlyForDeploymentPostprocessing = 0;
		};
		5480A1FA2E2F250400337F2F /* Sources */ = {
			isa = PBXSourcesBuildPhase;
			buildActionMask = 2147483647;
			files = (
			);
			runOnlyForDeploymentPostprocessing = 0;
		};
		5480A2042E2F250400337F2F /* Sources */ = {
			isa = PBXSourcesBuildPhase;
			buildActionMask = 2147483647;
			files = (
			);
			runOnlyForDeploymentPostprocessing = 0;
		};
/* End PBXSourcesBuildPhase section */

/* Begin PBXTargetDependency section */
		5480A2002E2F250400337F2F /* PBXTargetDependency */ = {
			isa = PBXTargetDependency;
			target = 5480A1EF2E2F250200337F2F /* RunAnywhereAI */;
			targetProxy = 5480A1FF2E2F250400337F2F /* PBXContainerItemProxy */;
		};
		5480A20A2E2F250400337F2F /* PBXTargetDependency */ = {
			isa = PBXTargetDependency;
			target = 5480A1EF2E2F250200337F2F /* RunAnywhereAI */;
			targetProxy = 5480A2092E2F250400337F2F /* PBXContainerItemProxy */;
		};
/* End PBXTargetDependency section */

/* Begin XCBuildConfiguration section */
		5480A2102E2F250400337F2F /* Debug */ = {
			isa = XCBuildConfiguration;
			buildSettings = {
				ALWAYS_SEARCH_USER_PATHS = NO;
				ASSETCATALOG_COMPILER_GENERATE_SWIFT_ASSET_SYMBOL_EXTENSIONS = YES;
				CLANG_ANALYZER_NONNULL = YES;
				CLANG_ANALYZER_NUMBER_OBJECT_CONVERSION = YES_AGGRESSIVE;
				CLANG_CXX_LANGUAGE_STANDARD = "gnu++20";
				CLANG_ENABLE_MODULES = YES;
				CLANG_ENABLE_OBJC_ARC = YES;
				CLANG_ENABLE_OBJC_WEAK = YES;
				CLANG_WARN_BLOCK_CAPTURE_AUTORELEASING = YES;
				CLANG_WARN_BOOL_CONVERSION = YES;
				CLANG_WARN_COMMA = YES;
				CLANG_WARN_CONSTANT_CONVERSION = YES;
				CLANG_WARN_DEPRECATED_OBJC_IMPLEMENTATIONS = YES;
				CLANG_WARN_DIRECT_OBJC_ISA_USAGE = YES_ERROR;
				CLANG_WARN_DOCUMENTATION_COMMENTS = YES;
				CLANG_WARN_EMPTY_BODY = YES;
				CLANG_WARN_ENUM_CONVERSION = YES;
				CLANG_WARN_INFINITE_RECURSION = YES;
				CLANG_WARN_INT_CONVERSION = YES;
				CLANG_WARN_NON_LITERAL_NULL_CONVERSION = YES;
				CLANG_WARN_OBJC_IMPLICIT_RETAIN_SELF = YES;
				CLANG_WARN_OBJC_LITERAL_CONVERSION = YES;
				CLANG_WARN_OBJC_ROOT_CLASS = YES_ERROR;
				CLANG_WARN_QUOTED_INCLUDE_IN_FRAMEWORK_HEADER = YES;
				CLANG_WARN_RANGE_LOOP_ANALYSIS = YES;
				CLANG_WARN_STRICT_PROTOTYPES = YES;
				CLANG_WARN_SUSPICIOUS_MOVE = YES;
				CLANG_WARN_UNGUARDED_AVAILABILITY = YES_AGGRESSIVE;
				CLANG_WARN_UNREACHABLE_CODE = YES;
				CLANG_WARN__DUPLICATE_METHOD_MATCH = YES;
				COPY_PHASE_STRIP = NO;
				DEBUG_INFORMATION_FORMAT = dwarf;
				ENABLE_STRICT_OBJC_MSGSEND = YES;
				ENABLE_TESTABILITY = YES;
				ENABLE_USER_SCRIPT_SANDBOXING = YES;
				GCC_C_LANGUAGE_STANDARD = gnu17;
				GCC_DYNAMIC_NO_PIC = NO;
				GCC_NO_COMMON_BLOCKS = YES;
				GCC_OPTIMIZATION_LEVEL = 0;
				GCC_PREPROCESSOR_DEFINITIONS = (
					"DEBUG=1",
					"$(inherited)",
				);
				GCC_WARN_64_TO_32_BIT_CONVERSION = YES;
				GCC_WARN_ABOUT_RETURN_TYPE = YES_ERROR;
				GCC_WARN_UNDECLARED_SELECTOR = YES;
				GCC_WARN_UNINITIALIZED_AUTOS = YES_AGGRESSIVE;
				GCC_WARN_UNUSED_FUNCTION = YES;
				GCC_WARN_UNUSED_VARIABLE = YES;
				LOCALIZATION_PREFERS_STRING_CATALOGS = YES;
				MTL_ENABLE_DEBUG_INFO = INCLUDE_SOURCE;
				MTL_FAST_MATH = YES;
				ONLY_ACTIVE_ARCH = YES;
				OTHER_SWIFT_FLAGS = "";
				"OTHER_SWIFT_FLAGS[arch=*]" = "-enable-experimental-feature Macros";
				SWIFT_ACTIVE_COMPILATION_CONDITIONS = "DEBUG $(inherited)";
				SWIFT_OPTIMIZATION_LEVEL = "-Onone";
			};
			name = Debug;
		};
		5480A2112E2F250400337F2F /* Release */ = {
			isa = XCBuildConfiguration;
			buildSettings = {
				ALWAYS_SEARCH_USER_PATHS = NO;
				ASSETCATALOG_COMPILER_GENERATE_SWIFT_ASSET_SYMBOL_EXTENSIONS = YES;
				CLANG_ANALYZER_NONNULL = YES;
				CLANG_ANALYZER_NUMBER_OBJECT_CONVERSION = YES_AGGRESSIVE;
				CLANG_CXX_LANGUAGE_STANDARD = "gnu++20";
				CLANG_ENABLE_MODULES = YES;
				CLANG_ENABLE_OBJC_ARC = YES;
				CLANG_ENABLE_OBJC_WEAK = YES;
				CLANG_WARN_BLOCK_CAPTURE_AUTORELEASING = YES;
				CLANG_WARN_BOOL_CONVERSION = YES;
				CLANG_WARN_COMMA = YES;
				CLANG_WARN_CONSTANT_CONVERSION = YES;
				CLANG_WARN_DEPRECATED_OBJC_IMPLEMENTATIONS = YES;
				CLANG_WARN_DIRECT_OBJC_ISA_USAGE = YES_ERROR;
				CLANG_WARN_DOCUMENTATION_COMMENTS = YES;
				CLANG_WARN_EMPTY_BODY = YES;
				CLANG_WARN_ENUM_CONVERSION = YES;
				CLANG_WARN_INFINITE_RECURSION = YES;
				CLANG_WARN_INT_CONVERSION = YES;
				CLANG_WARN_NON_LITERAL_NULL_CONVERSION = YES;
				CLANG_WARN_OBJC_IMPLICIT_RETAIN_SELF = YES;
				CLANG_WARN_OBJC_LITERAL_CONVERSION = YES;
				CLANG_WARN_OBJC_ROOT_CLASS = YES_ERROR;
				CLANG_WARN_QUOTED_INCLUDE_IN_FRAMEWORK_HEADER = YES;
				CLANG_WARN_RANGE_LOOP_ANALYSIS = YES;
				CLANG_WARN_STRICT_PROTOTYPES = YES;
				CLANG_WARN_SUSPICIOUS_MOVE = YES;
				CLANG_WARN_UNGUARDED_AVAILABILITY = YES_AGGRESSIVE;
				CLANG_WARN_UNREACHABLE_CODE = YES;
				CLANG_WARN__DUPLICATE_METHOD_MATCH = YES;
				COPY_PHASE_STRIP = NO;
				DEBUG_INFORMATION_FORMAT = "dwarf-with-dsym";
				ENABLE_NS_ASSERTIONS = NO;
				ENABLE_STRICT_OBJC_MSGSEND = YES;
				ENABLE_USER_SCRIPT_SANDBOXING = YES;
				GCC_C_LANGUAGE_STANDARD = gnu17;
				GCC_NO_COMMON_BLOCKS = YES;
				GCC_WARN_64_TO_32_BIT_CONVERSION = YES;
				GCC_WARN_ABOUT_RETURN_TYPE = YES_ERROR;
				GCC_WARN_UNDECLARED_SELECTOR = YES;
				GCC_WARN_UNINITIALIZED_AUTOS = YES_AGGRESSIVE;
				GCC_WARN_UNUSED_FUNCTION = YES;
				GCC_WARN_UNUSED_VARIABLE = YES;
				LOCALIZATION_PREFERS_STRING_CATALOGS = YES;
				MTL_ENABLE_DEBUG_INFO = NO;
				MTL_FAST_MATH = YES;
				OTHER_SWIFT_FLAGS = "";
				SWIFT_COMPILATION_MODE = wholemodule;
			};
			name = Release;
		};
		5480A2132E2F250400337F2F /* Debug */ = {
			isa = XCBuildConfiguration;
			buildSettings = {
				ASSETCATALOG_COMPILER_APPICON_NAME = AppIcon;
				ASSETCATALOG_COMPILER_GLOBAL_ACCENT_COLOR_NAME = AccentColor;
				CODE_SIGN_ENTITLEMENTS = RunAnywhereAI/RunAnywhereAI.entitlements;
				CODE_SIGN_STYLE = Automatic;
				CURRENT_PROJECT_VERSION = 5;
				DEVELOPMENT_TEAM = AFAL2647U9;
				ENABLE_PREVIEWS = YES;
				GENERATE_INFOPLIST_FILE = YES;
				INFOPLIST_KEY_CFBundleDisplayName = RunAnywhere;
				INFOPLIST_KEY_NSMicrophoneUsageDescription = "RunAnywhere AI needs access to your microphone to transcribe your voice input and provide voice-based interactions.";
				INFOPLIST_KEY_NSSpeechRecognitionUsageDescription = "RunAnywhere AI uses speech recognition to convert your voice to text for processing.";
				"INFOPLIST_KEY_UIApplicationSceneManifest_Generation[sdk=iphoneos*]" = YES;
				"INFOPLIST_KEY_UIApplicationSceneManifest_Generation[sdk=iphonesimulator*]" = YES;
				"INFOPLIST_KEY_UIApplicationSupportsIndirectInputEvents[sdk=iphoneos*]" = YES;
				"INFOPLIST_KEY_UIApplicationSupportsIndirectInputEvents[sdk=iphonesimulator*]" = YES;
				"INFOPLIST_KEY_UILaunchScreen_Generation[sdk=iphoneos*]" = YES;
				"INFOPLIST_KEY_UILaunchScreen_Generation[sdk=iphonesimulator*]" = YES;
				"INFOPLIST_KEY_UIStatusBarStyle[sdk=iphoneos*]" = UIStatusBarStyleDefault;
				"INFOPLIST_KEY_UIStatusBarStyle[sdk=iphonesimulator*]" = UIStatusBarStyleDefault;
				INFOPLIST_KEY_UISupportedInterfaceOrientations_iPad = "UIInterfaceOrientationPortrait UIInterfaceOrientationPortraitUpsideDown UIInterfaceOrientationLandscapeLeft UIInterfaceOrientationLandscapeRight";
				INFOPLIST_KEY_UISupportedInterfaceOrientations_iPhone = "UIInterfaceOrientationPortrait UIInterfaceOrientationLandscapeLeft UIInterfaceOrientationLandscapeRight";
				IPHONEOS_DEPLOYMENT_TARGET = 18.5;
				LD_RUNPATH_SEARCH_PATHS = "@executable_path/Frameworks";
				"LD_RUNPATH_SEARCH_PATHS[sdk=macosx*]" = "@executable_path/../Frameworks";
				MACOSX_DEPLOYMENT_TARGET = 15.5;
				MARKETING_VERSION = 0.13.0;
				PRODUCT_BUNDLE_IDENTIFIER = com.runanywhere.RunAnywhereAI;
				PRODUCT_NAME = "$(TARGET_NAME)";
				REGISTER_APP_GROUPS = YES;
				SDKROOT = auto;
				SUPPORTED_PLATFORMS = "iphoneos iphonesimulator macosx xros xrsimulator";
				SWIFT_EMIT_LOC_STRINGS = YES;
				SWIFT_VERSION = 5.0;
				TARGETED_DEVICE_FAMILY = "1,2,7";
				XROS_DEPLOYMENT_TARGET = 2.5;
			};
			name = Debug;
		};
		5480A2142E2F250400337F2F /* Release */ = {
			isa = XCBuildConfiguration;
			buildSettings = {
				ASSETCATALOG_COMPILER_APPICON_NAME = AppIcon;
				ASSETCATALOG_COMPILER_GLOBAL_ACCENT_COLOR_NAME = AccentColor;
				CODE_SIGN_ENTITLEMENTS = RunAnywhereAI/RunAnywhereAI.entitlements;
				"CODE_SIGN_IDENTITY[sdk=macosx*]" = "Apple Development";
				CODE_SIGN_STYLE = Automatic;
				CURRENT_PROJECT_VERSION = 5;
				DEVELOPMENT_TEAM = AFAL2647U9;
				ENABLE_PREVIEWS = YES;
				GENERATE_INFOPLIST_FILE = YES;
				INFOPLIST_KEY_CFBundleDisplayName = RunAnywhere;
				INFOPLIST_KEY_NSMicrophoneUsageDescription = "RunAnywhere AI needs access to your microphone to transcribe your voice input and provide voice-based interactions.";
				INFOPLIST_KEY_NSSpeechRecognitionUsageDescription = "RunAnywhere AI uses speech recognition to convert your voice to text for processing.";
				"INFOPLIST_KEY_UIApplicationSceneManifest_Generation[sdk=iphoneos*]" = YES;
				"INFOPLIST_KEY_UIApplicationSceneManifest_Generation[sdk=iphonesimulator*]" = YES;
				"INFOPLIST_KEY_UIApplicationSupportsIndirectInputEvents[sdk=iphoneos*]" = YES;
				"INFOPLIST_KEY_UIApplicationSupportsIndirectInputEvents[sdk=iphonesimulator*]" = YES;
				"INFOPLIST_KEY_UILaunchScreen_Generation[sdk=iphoneos*]" = YES;
				"INFOPLIST_KEY_UILaunchScreen_Generation[sdk=iphonesimulator*]" = YES;
				"INFOPLIST_KEY_UIStatusBarStyle[sdk=iphoneos*]" = UIStatusBarStyleDefault;
				"INFOPLIST_KEY_UIStatusBarStyle[sdk=iphonesimulator*]" = UIStatusBarStyleDefault;
				INFOPLIST_KEY_UISupportedInterfaceOrientations_iPad = "UIInterfaceOrientationPortrait UIInterfaceOrientationPortraitUpsideDown UIInterfaceOrientationLandscapeLeft UIInterfaceOrientationLandscapeRight";
				INFOPLIST_KEY_UISupportedInterfaceOrientations_iPhone = "UIInterfaceOrientationPortrait UIInterfaceOrientationLandscapeLeft UIInterfaceOrientationLandscapeRight";
				IPHONEOS_DEPLOYMENT_TARGET = 18.5;
				LD_RUNPATH_SEARCH_PATHS = "@executable_path/Frameworks";
				"LD_RUNPATH_SEARCH_PATHS[sdk=macosx*]" = "@executable_path/../Frameworks";
				MACOSX_DEPLOYMENT_TARGET = 15.5;
				MARKETING_VERSION = 0.13.0;
				PRODUCT_BUNDLE_IDENTIFIER = com.runanywhere.RunAnywhereAI;
				PRODUCT_NAME = "$(TARGET_NAME)";
				REGISTER_APP_GROUPS = YES;
				SDKROOT = auto;
				SUPPORTED_PLATFORMS = "iphoneos iphonesimulator macosx xros xrsimulator";
				SWIFT_EMIT_LOC_STRINGS = YES;
				SWIFT_VERSION = 5.0;
				TARGETED_DEVICE_FAMILY = "1,2,7";
				XROS_DEPLOYMENT_TARGET = 2.5;
			};
			name = Release;
		};
		5480A2162E2F250400337F2F /* Debug */ = {
			isa = XCBuildConfiguration;
			buildSettings = {
				BUNDLE_LOADER = "$(TEST_HOST)";
				CODE_SIGN_STYLE = Automatic;
				CURRENT_PROJECT_VERSION = 5;
				DEVELOPMENT_TEAM = "";
				GENERATE_INFOPLIST_FILE = YES;
				IPHONEOS_DEPLOYMENT_TARGET = 18.5;
				MACOSX_DEPLOYMENT_TARGET = 15.5;
				MARKETING_VERSION = 0.13.0;
				PRODUCT_BUNDLE_IDENTIFIER = com.runanywhere.RunAnywhereAITests;
				PRODUCT_NAME = "$(TARGET_NAME)";
				SDKROOT = auto;
				SUPPORTED_PLATFORMS = "iphoneos iphonesimulator macosx xros xrsimulator";
				SWIFT_EMIT_LOC_STRINGS = NO;
				SWIFT_VERSION = 5.0;
				TARGETED_DEVICE_FAMILY = "1,2,7";
				TEST_HOST = "$(BUILT_PRODUCTS_DIR)/RunAnywhereAI.app/$(BUNDLE_EXECUTABLE_FOLDER_PATH)/RunAnywhereAI";
				XROS_DEPLOYMENT_TARGET = 2.5;
			};
			name = Debug;
		};
		5480A2172E2F250400337F2F /* Release */ = {
			isa = XCBuildConfiguration;
			buildSettings = {
				BUNDLE_LOADER = "$(TEST_HOST)";
				CODE_SIGN_STYLE = Automatic;
				CURRENT_PROJECT_VERSION = 5;
				GENERATE_INFOPLIST_FILE = YES;
				IPHONEOS_DEPLOYMENT_TARGET = 18.5;
				MACOSX_DEPLOYMENT_TARGET = 15.5;
				MARKETING_VERSION = 0.13.0;
				PRODUCT_BUNDLE_IDENTIFIER = com.runanywhere.RunAnywhereAITests;
				PRODUCT_NAME = "$(TARGET_NAME)";
				SDKROOT = auto;
				SUPPORTED_PLATFORMS = "iphoneos iphonesimulator macosx xros xrsimulator";
				SWIFT_EMIT_LOC_STRINGS = NO;
				SWIFT_VERSION = 5.0;
				TARGETED_DEVICE_FAMILY = "1,2,7";
				TEST_HOST = "$(BUILT_PRODUCTS_DIR)/RunAnywhereAI.app/$(BUNDLE_EXECUTABLE_FOLDER_PATH)/RunAnywhereAI";
				XROS_DEPLOYMENT_TARGET = 2.5;
			};
			name = Release;
		};
		5480A2192E2F250400337F2F /* Debug */ = {
			isa = XCBuildConfiguration;
			buildSettings = {
				CODE_SIGN_STYLE = Automatic;
				CURRENT_PROJECT_VERSION = 5;
				DEVELOPMENT_TEAM = "";
				GENERATE_INFOPLIST_FILE = YES;
				IPHONEOS_DEPLOYMENT_TARGET = 18.5;
				MACOSX_DEPLOYMENT_TARGET = 15.5;
				MARKETING_VERSION = 0.13.0;
				PRODUCT_BUNDLE_IDENTIFIER = com.runanywhere.RunAnywhereAIUITests;
				PRODUCT_NAME = "$(TARGET_NAME)";
				SDKROOT = auto;
				SUPPORTED_PLATFORMS = "iphoneos iphonesimulator macosx xros xrsimulator";
				SWIFT_EMIT_LOC_STRINGS = NO;
				SWIFT_VERSION = 5.0;
				TARGETED_DEVICE_FAMILY = "1,2,7";
				TEST_TARGET_NAME = RunAnywhereAI;
				XROS_DEPLOYMENT_TARGET = 2.5;
			};
			name = Debug;
		};
		5480A21A2E2F250400337F2F /* Release */ = {
			isa = XCBuildConfiguration;
			buildSettings = {
				CODE_SIGN_STYLE = Automatic;
				CURRENT_PROJECT_VERSION = 5;
				GENERATE_INFOPLIST_FILE = YES;
				IPHONEOS_DEPLOYMENT_TARGET = 18.5;
				MACOSX_DEPLOYMENT_TARGET = 15.5;
				MARKETING_VERSION = 0.13.0;
				PRODUCT_BUNDLE_IDENTIFIER = com.runanywhere.RunAnywhereAIUITests;
				PRODUCT_NAME = "$(TARGET_NAME)";
				SDKROOT = auto;
				SUPPORTED_PLATFORMS = "iphoneos iphonesimulator macosx xros xrsimulator";
				SWIFT_EMIT_LOC_STRINGS = NO;
				SWIFT_VERSION = 5.0;
				TARGETED_DEVICE_FAMILY = "1,2,7";
				TEST_TARGET_NAME = RunAnywhereAI;
				XROS_DEPLOYMENT_TARGET = 2.5;
			};
			name = Release;
		};
/* End XCBuildConfiguration section */

/* Begin XCConfigurationList section */
		5480A1EB2E2F250200337F2F /* Build configuration list for PBXProject "RunAnywhereAI" */ = {
			isa = XCConfigurationList;
			buildConfigurations = (
				5480A2102E2F250400337F2F /* Debug */,
				5480A2112E2F250400337F2F /* Release */,
			);
			defaultConfigurationIsVisible = 0;
			defaultConfigurationName = Release;
		};
		5480A2122E2F250400337F2F /* Build configuration list for PBXNativeTarget "RunAnywhereAI" */ = {
			isa = XCConfigurationList;
			buildConfigurations = (
				5480A2132E2F250400337F2F /* Debug */,
				5480A2142E2F250400337F2F /* Release */,
			);
			defaultConfigurationIsVisible = 0;
			defaultConfigurationName = Release;
		};
		5480A2152E2F250400337F2F /* Build configuration list for PBXNativeTarget "RunAnywhereAITests" */ = {
			isa = XCConfigurationList;
			buildConfigurations = (
				5480A2162E2F250400337F2F /* Debug */,
				5480A2172E2F250400337F2F /* Release */,
			);
			defaultConfigurationIsVisible = 0;
			defaultConfigurationName = Release;
		};
		5480A2182E2F250400337F2F /* Build configuration list for PBXNativeTarget "RunAnywhereAIUITests" */ = {
			isa = XCConfigurationList;
			buildConfigurations = (
				5480A2192E2F250400337F2F /* Debug */,
				5480A21A2E2F250400337F2F /* Release */,
			);
			defaultConfigurationIsVisible = 0;
			defaultConfigurationName = Release;
		};
/* End XCConfigurationList section */

/* Begin XCLocalSwiftPackageReference section */
		548CA0752E56D0DC0061CCF5 /* XCLocalSwiftPackageReference "../../../sdk/runanywhere-swift/Modules/FluidAudioDiarization" */ = {
			isa = XCLocalSwiftPackageReference;
			relativePath = "../../../sdk/runanywhere-swift/Modules/FluidAudioDiarization";
		};
		58E021172E52A86000B722EF /* XCLocalSwiftPackageReference "../../../sdk/runanywhere-swift" */ = {
			isa = XCLocalSwiftPackageReference;
			relativePath = "../../../sdk/runanywhere-swift";
		};
/* End XCLocalSwiftPackageReference section */

/* Begin XCRemoteSwiftPackageReference section */
		547F70AF2E35CE270061BAED /* XCRemoteSwiftPackageReference "swift-transformers" */ = {
			isa = XCRemoteSwiftPackageReference;
			repositoryURL = "https://github.com/huggingface/swift-transformers";
			requirement = {
				kind = upToNextMajorVersion;
				minimumVersion = 0.1.22;
			};
		};
		547F7D7C2E3735100061BAED /* XCRemoteSwiftPackageReference "ZIPFoundation" */ = {
			isa = XCRemoteSwiftPackageReference;
			repositoryURL = "https://github.com/weichsel/ZIPFoundation";
			requirement = {
				kind = upToNextMajorVersion;
				minimumVersion = 0.9.19;
			};
		};
		54C716BE2E4FB77700B94B7D /* XCRemoteSwiftPackageReference "WhisperKit" */ = {
			isa = XCRemoteSwiftPackageReference;
			repositoryURL = "https://github.com/argmaxinc/WhisperKit.git";
			requirement = {
				kind = exactVersion;
				version = 0.13.1;
			};
		};
		54F596132E39C32A0057B6CE /* XCRemoteSwiftPackageReference "executorch" */ = {
			isa = XCRemoteSwiftPackageReference;
			repositoryURL = "https://github.com/pytorch/executorch.git";
			requirement = {
				branch = "swiftpm-0.7.0";
				kind = branch;
			};
		};
		5896159F2E542E4600663F7F /* XCRemoteSwiftPackageReference "LLM" */ = {
			isa = XCRemoteSwiftPackageReference;
			repositoryURL = "https://github.com/eastriverlee/LLM.swift/";
			requirement = {
				branch = main;
				kind = branch;
			};
		};
/* End XCRemoteSwiftPackageReference section */

/* Begin XCSwiftPackageProductDependency section */
		541E22712E3BE21300EBF8FA /* RunAnywhereSDK */ = {
			isa = XCSwiftPackageProductDependency;
			productName = RunAnywhereSDK;
		};
		543028452E442716008361DD /* LLM */ = {
			isa = XCSwiftPackageProductDependency;
			productName = LLM;
		};
		547F70B02E35CE270061BAED /* Transformers */ = {
			isa = XCSwiftPackageProductDependency;
			package = 547F70AF2E35CE270061BAED /* XCRemoteSwiftPackageReference "swift-transformers" */;
			productName = Transformers;
		};
		547F7D7D2E3735100061BAED /* ZIPFoundation */ = {
			isa = XCSwiftPackageProductDependency;
			package = 547F7D7C2E3735100061BAED /* XCRemoteSwiftPackageReference "ZIPFoundation" */;
			productName = ZIPFoundation;
		};
		548CA0762E56D0DC0061CCF5 /* FluidAudioDiarization */ = {
			isa = XCSwiftPackageProductDependency;
			productName = FluidAudioDiarization;
		};
		54C716BF2E4FB77700B94B7D /* WhisperKit */ = {
			isa = XCSwiftPackageProductDependency;
			package = 54C716BE2E4FB77700B94B7D /* XCRemoteSwiftPackageReference "WhisperKit" */;
			productName = WhisperKit;
		};
		54F596142E39C32A0057B6CE /* backend_coreml */ = {
			isa = XCSwiftPackageProductDependency;
			package = 54F596132E39C32A0057B6CE /* XCRemoteSwiftPackageReference "executorch" */;
			productName = backend_coreml;
		};
		54F596162E39C32A0057B6CE /* backend_mps */ = {
			isa = XCSwiftPackageProductDependency;
			package = 54F596132E39C32A0057B6CE /* XCRemoteSwiftPackageReference "executorch" */;
			productName = backend_mps;
		};
		54F596182E39C32A0057B6CE /* backend_xnnpack */ = {
			isa = XCSwiftPackageProductDependency;
			package = 54F596132E39C32A0057B6CE /* XCRemoteSwiftPackageReference "executorch" */;
			productName = backend_xnnpack;
		};
		54F5961A2E39C32A0057B6CE /* executorch */ = {
			isa = XCSwiftPackageProductDependency;
			package = 54F596132E39C32A0057B6CE /* XCRemoteSwiftPackageReference "executorch" */;
			productName = executorch;
		};
		54F5961C2E39C32A0057B6CE /* kernels_custom */ = {
			isa = XCSwiftPackageProductDependency;
			package = 54F596132E39C32A0057B6CE /* XCRemoteSwiftPackageReference "executorch" */;
			productName = kernels_custom;
		};
		54F5961E2E39C32A0057B6CE /* kernels_optimized */ = {
			isa = XCSwiftPackageProductDependency;
			package = 54F596132E39C32A0057B6CE /* XCRemoteSwiftPackageReference "executorch" */;
			productName = kernels_optimized;
		};
		54F596202E39C32A0057B6CE /* kernels_quantized */ = {
			isa = XCSwiftPackageProductDependency;
			package = 54F596132E39C32A0057B6CE /* XCRemoteSwiftPackageReference "executorch" */;
			productName = kernels_quantized;
		};
/* End XCSwiftPackageProductDependency section */
	};
	rootObject = 5480A1E82E2F250200337F2F /* Project object */;
}
